
Microsoft Visual Studio Solution File, Format Version 12.00
# Visual Studio Version 16
VisualStudioVersion = 16.0.32002.261
MinimumVisualStudioVersion = 10.0.40219.1
Project("{FAE04EC0-301F-11D3-BF4B-00C04F79EFBC}") = "QuickNote.Api", "QuickNote.Api\QuickNote.Api.csproj", "{00AE08BF-E586-4123-9DF4-55E762385CD3}"
EndProject
Global
	GlobalSection(SolutionConfigurationPlatforms) = preSolution
		Debug|Any CPU = Debug|Any CPU
		Release|Any CPU = Release|Any CPU
	EndGlobalSection
	GlobalSection(ProjectConfigurationPlatforms) = postSolution
		{00AE08BF-E586-4123-9DF4-55E762385CD3}.Debug|Any CPU.ActiveCfg = Debug|Any CPU
		{00AE08BF-E586-4123-9DF4-55E762385CD3}.Debug|Any CPU.Build.0 = Debug|Any CPU
		{00AE08BF-E586-4123-9DF4-55E762385CD3}.Release|Any CPU.ActiveCfg = Release|Any CPU
		{00AE08BF-E586-4123-9DF4-55E762385CD3}.Release|Any CPU.Build.0 = Release|Any CPU
	EndGlobalSection
	GlobalSection(SolutionProperties) = preSolution
		HideSolutionNode = FALSE
	EndGlobalSection
	GlobalSection(ExtensibilityGlobals) = postSolution
		SolutionGuid = {02972FC0-1A66-442B-8077-A6A10AF61CE2}
	EndGlobalSection
EndGlobal
